
Microsoft Visual Studio Solution File, Format Version 12.00
# Visual Studio Version 16
VisualStudioVersion = 16.0.31402.337
MinimumVisualStudioVersion = 10.0.40219.1
Project("{9A19103F-16F7-4668-BE54-9A1E7A4F7556}") = "AccountingUI", "AccountingSystem\AccountingUI\AccountingUI.csproj", "{C3174272-0038-4427-8F42-583982942E7F}"
EndProject
Project("{9A19103F-16F7-4668-BE54-9A1E7A4F7556}") = "AccountingHelper", "AccountingSystem\AccountingHelper\AccountingHelper.csproj", "{AC16DC93-998A-4A1C-9F6E-39215B4C3649}"
EndProject
Project("{9A19103F-16F7-4668-BE54-9A1E7A4F7556}") = "AccountingDatabase", "AccountingSystem\AccountingDatabase\AccountingDatabase.csproj", "{62405DC0-143E-47EC-B02B-C8EA867DB18D}"
EndProject
Global
	GlobalSection(SolutionConfigurationPlatforms) = preSolution
		Debug|Any CPU = Debug|Any CPU
		Release|Any CPU = Release|Any CPU
	EndGlobalSection
	GlobalSection(ProjectConfigurationPlatforms) = postSolution
		{C3174272-0038-4427-8F42-583982942E7F}.Debug|Any CPU.ActiveCfg = Debug|Any CPU
		{C3174272-0038-4427-8F42-583982942E7F}.Debug|Any CPU.Build.0 = Debug|Any CPU
		{C3174272-0038-4427-8F42-583982942E7F}.Release|Any CPU.ActiveCfg = Release|Any CPU
		{C3174272-0038-4427-8F42-583982942E7F}.Release|Any CPU.Build.0 = Release|Any CPU
		{AC16DC93-998A-4A1C-9F6E-39215B4C3649}.Debug|Any CPU.ActiveCfg = Debug|Any CPU
		{AC16DC93-998A-4A1C-9F6E-39215B4C3649}.Debug|Any CPU.Build.0 = Debug|Any CPU
		{AC16DC93-998A-4A1C-9F6E-39215B4C3649}.Release|Any CPU.ActiveCfg = Release|Any CPU
		{AC16DC93-998A-4A1C-9F6E-39215B4C3649}.Release|Any CPU.Build.0 = Release|Any CPU
		{62405DC0-143E-47EC-B02B-C8EA867DB18D}.Debug|Any CPU.ActiveCfg = Debug|Any CPU
		{62405DC0-143E-47EC-B02B-C8EA867DB18D}.Debug|Any CPU.Build.0 = Debug|Any CPU
		{62405DC0-143E-47EC-B02B-C8EA867DB18D}.Release|Any CPU.ActiveCfg = Release|Any CPU
		{62405DC0-143E-47EC-B02B-C8EA867DB18D}.Release|Any CPU.Build.0 = Release|Any CPU
	EndGlobalSection
	GlobalSection(SolutionProperties) = preSolution
		HideSolutionNode = FALSE
	EndGlobalSection
	GlobalSection(ExtensibilityGlobals) = postSolution
		SolutionGuid = {DD248578-13F6-473D-926B-171F10800712}
	EndGlobalSection
EndGlobal
